
Microsoft Visual Studio Solution File, Format Version 12.00
Project("{FAE04EC0-301F-11D3-BF4B-00C04F79EFBC}") = "RolloverNumber", "RolloverNumber\RolloverNumber.csproj", "{D53DEC0E-734D-4B57-AA4A-874800E00010}"
EndProject
Project("{FAE04EC0-301F-11D3-BF4B-00C04F79EFBC}") = "RolloverNumber.Demo", "RolloverNumber.Demo\RolloverNumber.Demo.csproj", "{02C8982A-7731-406D-BB3A-56A11EE52A0B}"
EndProject
Global
	GlobalSection(SolutionConfigurationPlatforms) = preSolution
		Debug|Any CPU = Debug|Any CPU
		Release|Any CPU = Release|Any CPU
	EndGlobalSection
	GlobalSection(ProjectConfigurationPlatforms) = postSolution
		{D53DEC0E-734D-4B57-AA4A-874800E00010}.Debug|Any CPU.ActiveCfg = Debug|Any CPU
		{D53DEC0E-734D-4B57-AA4A-874800E00010}.Debug|Any CPU.Build.0 = Debug|Any CPU
		{D53DEC0E-734D-4B57-AA4A-874800E00010}.Release|Any CPU.ActiveCfg = Release|Any CPU
		{D53DEC0E-734D-4B57-AA4A-874800E00010}.Release|Any CPU.Build.0 = Release|Any CPU
		{02C8982A-7731-406D-BB3A-56A11EE52A0B}.Debug|Any CPU.ActiveCfg = Debug|Any CPU
		{02C8982A-7731-406D-BB3A-56A11EE52A0B}.Debug|Any CPU.Build.0 = Debug|Any CPU
		{02C8982A-7731-406D-BB3A-56A11EE52A0B}.Release|Any CPU.ActiveCfg = Release|Any CPU
		{02C8982A-7731-406D-BB3A-56A11EE52A0B}.Release|Any CPU.Build.0 = Release|Any CPU
	EndGlobalSection
EndGlobal
